
Microsoft Visual Studio Solution File, Format Version 12.00
# Visual Studio Version 17
VisualStudioVersion = 17.7.34221.43
MinimumVisualStudioVersion = 10.0.40219.1
Project("{FAE04EC0-301F-11D3-BF4B-00C04F79EFBC}") = "WebApplication1", "WebApplication1\WebApplication1.csproj", "{D6E317FC-78DB-4A87-AE2B-B6F7640370D1}"
EndProject
Global
	GlobalSection(SolutionConfigurationPlatforms) = preSolution
		Debug|Any CPU = Debug|Any CPU
		Release|Any CPU = Release|Any CPU
	EndGlobalSection
	GlobalSection(ProjectConfigurationPlatforms) = postSolution
		{D6E317FC-78DB-4A87-AE2B-B6F7640370D1}.Debug|Any CPU.ActiveCfg = Debug|Any CPU
		{D6E317FC-78DB-4A87-AE2B-B6F7640370D1}.Debug|Any CPU.Build.0 = Debug|Any CPU
		{D6E317FC-78DB-4A87-AE2B-B6F7640370D1}.Release|Any CPU.ActiveCfg = Release|Any CPU
		{D6E317FC-78DB-4A87-AE2B-B6F7640370D1}.Release|Any CPU.Build.0 = Release|Any CPU
	EndGlobalSection
	GlobalSection(SolutionProperties) = preSolution
		HideSolutionNode = FALSE
	EndGlobalSection
	GlobalSection(ExtensibilityGlobals) = postSolution
		SolutionGuid = {378119A7-00F9-492D-91CB-B4E628A49CC3}
	EndGlobalSection
EndGlobal
