
Microsoft Visual Studio Solution File, Format Version 12.00
# Visual Studio Version 17
VisualStudioVersion = 17.11.35208.52
MinimumVisualStudioVersion = 10.0.40219.1
Project("{FAE04EC0-301F-11D3-BF4B-00C04F79EFBC}") = "EFCrud", "EFCrud\EFCrud.csproj", "{1294ADAE-86E4-44DD-B621-D8B88B623DE5}"
EndProject
Global
	GlobalSection(SolutionConfigurationPlatforms) = preSolution
		Debug|Any CPU = Debug|Any CPU
		Release|Any CPU = Release|Any CPU
	EndGlobalSection
	GlobalSection(ProjectConfigurationPlatforms) = postSolution
		{1294ADAE-86E4-44DD-B621-D8B88B623DE5}.Debug|Any CPU.ActiveCfg = Debug|Any CPU
		{1294ADAE-86E4-44DD-B621-D8B88B623DE5}.Debug|Any CPU.Build.0 = Debug|Any CPU
		{1294ADAE-86E4-44DD-B621-D8B88B623DE5}.Release|Any CPU.ActiveCfg = Release|Any CPU
		{1294ADAE-86E4-44DD-B621-D8B88B623DE5}.Release|Any CPU.Build.0 = Release|Any CPU
	EndGlobalSection
	GlobalSection(SolutionProperties) = preSolution
		HideSolutionNode = FALSE
	EndGlobalSection
	GlobalSection(ExtensibilityGlobals) = postSolution
		SolutionGuid = {A8B9F617-EA61-4767-A582-B2AB43970843}
	EndGlobalSection
EndGlobal
